
Microsoft Visual Studio Solution File, Format Version 12.00
# Visual Studio Version 17
VisualStudioVersion = 17.10.35122.118
MinimumVisualStudioVersion = 10.0.40219.1
Project("{FAE04EC0-301F-11D3-BF4B-00C04F79EFBC}") = "firstLoginMVC", "firstLoginMVC\firstLoginMVC.csproj", "{687DDEBB-A7D4-4008-A945-AE7013AE546E}"
EndProject
Global
	GlobalSection(SolutionConfigurationPlatforms) = preSolution
		Debug|Any CPU = Debug|Any CPU
		Release|Any CPU = Release|Any CPU
	EndGlobalSection
	GlobalSection(ProjectConfigurationPlatforms) = postSolution
		{687DDEBB-A7D4-4008-A945-AE7013AE546E}.Debug|Any CPU.ActiveCfg = Debug|Any CPU
		{687DDEBB-A7D4-4008-A945-AE7013AE546E}.Debug|Any CPU.Build.0 = Debug|Any CPU
		{687DDEBB-A7D4-4008-A945-AE7013AE546E}.Release|Any CPU.ActiveCfg = Release|Any CPU
		{687DDEBB-A7D4-4008-A945-AE7013AE546E}.Release|Any CPU.Build.0 = Release|Any CPU
	EndGlobalSection
	GlobalSection(SolutionProperties) = preSolution
		HideSolutionNode = FALSE
	EndGlobalSection
	GlobalSection(ExtensibilityGlobals) = postSolution
		SolutionGuid = {5419D7A0-5BAF-446B-99E7-6021FC904A85}
	EndGlobalSection
EndGlobal
